
Microsoft Visual Studio Solution File, Format Version 12.00
# Visual Studio 2013
VisualStudioVersion = 12.0.31101.0
MinimumVisualStudioVersion = 10.0.40219.1
Project("{FAE04EC0-301F-11D3-BF4B-00C04F79EFBC}") = "Tree", "Tree\Tree.csproj", "{E72B49D2-2B85-4F86-8911-A893828C114E}"
EndProject
Project("{FAE04EC0-301F-11D3-BF4B-00C04F79EFBC}") = "Tree.Tests", "Tree.Tests\Tree.Tests.csproj", "{70E53029-458E-4879-8987-05540D819C52}"
EndProject
Global
	GlobalSection(SolutionConfigurationPlatforms) = preSolution
		Debug|Any CPU = Debug|Any CPU
		Release|Any CPU = Release|Any CPU
	EndGlobalSection
	GlobalSection(ProjectConfigurationPlatforms) = postSolution
		{E72B49D2-2B85-4F86-8911-A893828C114E}.Debug|Any CPU.ActiveCfg = Debug|Any CPU
		{E72B49D2-2B85-4F86-8911-A893828C114E}.Debug|Any CPU.Build.0 = Debug|Any CPU
		{E72B49D2-2B85-4F86-8911-A893828C114E}.Release|Any CPU.ActiveCfg = Release|Any CPU
		{E72B49D2-2B85-4F86-8911-A893828C114E}.Release|Any CPU.Build.0 = Release|Any CPU
		{70E53029-458E-4879-8987-05540D819C52}.Debug|Any CPU.ActiveCfg = Debug|Any CPU
		{70E53029-458E-4879-8987-05540D819C52}.Debug|Any CPU.Build.0 = Debug|Any CPU
		{70E53029-458E-4879-8987-05540D819C52}.Release|Any CPU.ActiveCfg = Release|Any CPU
		{70E53029-458E-4879-8987-05540D819C52}.Release|Any CPU.Build.0 = Release|Any CPU
	EndGlobalSection
	GlobalSection(SolutionProperties) = preSolution
		HideSolutionNode = FALSE
	EndGlobalSection
EndGlobal
